// !$*UTF8*$!
{
	archiveVersion = 1;
	classes = {
	};
	objectVersion = 46;
	objects = {

/* Begin PBXBuildFile section */
		568EF2B11EC553CE0047A643 /* CRGoodsDetailServiceProtocol.h in Headers */ = {isa = PBXBuildFile; fileRef = 568EF2AF1EC553CE0047A643 /* CRGoodsDetailServiceProtocol.h */; settings = {ATTRIBUTES = (Public, ); }; };
		568EF2BF1EC553E00047A643 /* main.m in Sources */ = {isa = PBXBuildFile; fileRef = 568EF2BE1EC553E00047A643 /* main.m */; };
		568EF2C21EC553E00047A643 /* AppDelegate.m in Sources */ = {isa = PBXBuildFile; fileRef = 568EF2C11EC553E00047A643 /* AppDelegate.m */; };
		568EF2C51EC553E00047A643 /* ViewController.m in Sources */ = {isa = PBXBuildFile; fileRef = 568EF2C41EC553E00047A643 /* ViewController.m */; };
		568EF2C81EC553E00047A643 /* Main.storyboard in Resources */ = {isa = PBXBuildFile; fileRef = 568EF2C61EC553E00047A643 /* Main.storyboard */; };
		568EF2CA1EC553E00047A643 /* Assets.xcassets in Resources */ = {isa = PBXBuildFile; fileRef = 568EF2C91EC553E00047A643 /* Assets.xcassets */; };
		568EF2CD1EC553E00047A643 /* LaunchScreen.storyboard in Resources */ = {isa = PBXBuildFile; fileRef = 568EF2CB1EC553E00047A643 /* LaunchScreen.storyboard */; };
		568EF2D41EC553F60047A643 /* CRAboutGoods.h in Headers */ = {isa = PBXBuildFile; fileRef = 568EF2D21EC553F60047A643 /* CRAboutGoods.h */; };
		568EF2D51EC553F60047A643 /* CRAboutGoods.m in Sources */ = {isa = PBXBuildFile; fileRef = 568EF2D31EC553F60047A643 /* CRAboutGoods.m */; };
		568EF2D61EC553F60047A643 /* CRAboutGoods.m in Sources */ = {isa = PBXBuildFile; fileRef = 568EF2D31EC553F60047A643 /* CRAboutGoods.m */; };
/* End PBXBuildFile section */

/* Begin PBXFileReference section */
		568EF2AC1EC553CE0047A643 /* CRGoodsDetailServiceProtocol.framework */ = {isa = PBXFileReference; explicitFileType = wrapper.framework; includeInIndex = 0; path = CRGoodsDetailServiceProtocol.framework; sourceTree = BUILT_PRODUCTS_DIR; };
		568EF2AF1EC553CE0047A643 /* CRGoodsDetailServiceProtocol.h */ = {isa = PBXFileReference; lastKnownFileType = sourcecode.c.h; path = CRGoodsDetailServiceProtocol.h; sourceTree = "<group>"; };
		568EF2B01EC553CE0047A643 /* Info.plist */ = {isa = PBXFileReference; lastKnownFileType = text.plist.xml; path = Info.plist; sourceTree = "<group>"; };
		568EF2BB1EC553E00047A643 /* CRGoodsDetailServiceProtocolDemo.app */ = {isa = PBXFileReference; explicitFileType = wrapper.application; includeInIndex = 0; path = CRGoodsDetailServiceProtocolDemo.app; sourceTree = BUILT_PRODUCTS_DIR; };
		568EF2BE1EC553E00047A643 /* main.m */ = {isa = PBXFileReference; lastKnownFileType = sourcecode.c.objc; path = main.m; sourceTree = "<group>"; };
		568EF2C01EC553E00047A643 /* AppDelegate.h */ = {isa = PBXFileReference; lastKnownFileType = sourcecode.c.h; path = AppDelegate.h; sourceTree = "<group>"; };
		568EF2C11EC553E00047A643 /* AppDelegate.m */ = {isa = PBXFileReference; lastKnownFileType = sourcecode.c.objc; path = AppDelegate.m; sourceTree = "<group>"; };
		568EF2C31EC553E00047A643 /* ViewController.h */ = {isa = PBXFileReference; lastKnownFileType = sourcecode.c.h; path = ViewController.h; sourceTree = "<group>"; };
		568EF2C41EC553E00047A643 /* ViewController.m */ = {isa = PBXFileReference; lastKnownFileType = sourcecode.c.objc; path = ViewController.m; sourceTree = "<group>"; };
		568EF2C71EC553E00047A643 /* Base */ = {isa = PBXFileReference; lastKnownFileType = file.storyboard; name = Base; path = Base.lproj/Main.storyboard; sourceTree = "<group>"; };
		568EF2C91EC553E00047A643 /* Assets.xcassets */ = {isa = PBXFileReference; lastKnownFileType = folder.assetcatalog; path = Assets.xcassets; sourceTree = "<group>"; };
		568EF2CC1EC553E00047A643 /* Base */ = {isa = PBXFileReference; lastKnownFileType = file.storyboard; name = Base; path = Base.lproj/LaunchScreen.storyboard; sourceTree = "<group>"; };
		568EF2CE1EC553E00047A643 /* Info.plist */ = {isa = PBXFileReference; lastKnownFileType = text.plist.xml; path = Info.plist; sourceTree = "<group>"; };
		568EF2D21EC553F60047A643 /* CRAboutGoods.h */ = {isa = PBXFileReference; fileEncoding = 4; lastKnownFileType = sourcecode.c.h; path = CRAboutGoods.h; sourceTree = "<group>"; };
		568EF2D31EC553F60047A643 /* CRAboutGoods.m */ = {isa = PBXFileReference; fileEncoding = 4; lastKnownFileType = sourcecode.c.objc; path = CRAboutGoods.m; sourceTree = "<group>"; };
/* End PBXFileReference section */

/* Begin PBXFrameworksBuildPhase section */
		568EF2A81EC553CE0047A643 /* Frameworks */ = {
			isa = PBXFrameworksBuildPhase;
			buildActionMask = 2147483647;
			files = (
			);
			runOnlyForDeploymentPostprocessing = 0;
		};
		568EF2B81EC553E00047A643 /* Frameworks */ = {
			isa = PBXFrameworksBuildPhase;
			buildActionMask = 2147483647;
			files = (
			);
			runOnlyForDeploymentPostprocessing = 0;
		};
/* End PBXFrameworksBuildPhase section */

/* Begin PBXGroup section */
		568EF2A21EC553CE0047A643 = {
			isa = PBXGroup;
			children = (
				568EF2AE1EC553CE0047A643 /* CRGoodsDetailServiceProtocol */,
				568EF2BC1EC553E00047A643 /* CRGoodsDetailServiceProtocolDemo */,
				568EF2AD1EC553CE0047A643 /* Products */,
			);
			sourceTree = "<group>";
		};
		568EF2AD1EC553CE0047A643 /* Products */ = {
			isa = PBXGroup;
			children = (
				568EF2AC1EC553CE0047A643 /* CRGoodsDetailServiceProtocol.framework */,
				568EF2BB1EC553E00047A643 /* CRGoodsDetailServiceProtocolDemo.app */,
			);
			name = Products;
			sourceTree = "<group>";
		};
		568EF2AE1EC553CE0047A643 /* CRGoodsDetailServiceProtocol */ = {
			isa = PBXGroup;
			children = (
				568EF2AF1EC553CE0047A643 /* CRGoodsDetailServiceProtocol.h */,
				568EF2D21EC553F60047A643 /* CRAboutGoods.h */,
				568EF2D31EC553F60047A643 /* CRAboutGoods.m */,
				568EF2B01EC553CE0047A643 /* Info.plist */,
			);
			path = CRGoodsDetailServiceProtocol;
			sourceTree = "<group>";
		};
		568EF2BC1EC553E00047A643 /* CRGoodsDetailServiceProtocolDemo */ = {
			isa = PBXGroup;
			children = (
				568EF2C01EC553E00047A643 /* AppDelegate.h */,
				568EF2C11EC553E00047A643 /* AppDelegate.m */,
				568EF2C31EC553E00047A643 /* ViewController.h */,
				568EF2C41EC553E00047A643 /* ViewController.m */,
				568EF2C61EC553E00047A643 /* Main.storyboard */,
				568EF2C91EC553E00047A643 /* Assets.xcassets */,
				568EF2CB1EC553E00047A643 /* LaunchScreen.storyboard */,
				568EF2CE1EC553E00047A643 /* Info.plist */,
				568EF2BD1EC553E00047A643 /* Supporting Files */,
			);
			path = CRGoodsDetailServiceProtocolDemo;
			sourceTree = "<group>";
		};
		568EF2BD1EC553E00047A643 /* Supporting Files */ = {
			isa = PBXGroup;
			children = (
				568EF2BE1EC553E00047A643 /* main.m */,
			);
			name = "Supporting Files";
			sourceTree = "<group>";
		};
/* End PBXGroup section */

/* Begin PBXHeadersBuildPhase section */
		568EF2A91EC553CE0047A643 /* Headers */ = {
			isa = PBXHeadersBuildPhase;
			buildActionMask = 2147483647;
			files = (
				568EF2D41EC553F60047A643 /* CRAboutGoods.h in Headers */,
				568EF2B11EC553CE0047A643 /* CRGoodsDetailServiceProtocol.h in Headers */,
			);
			runOnlyForDeploymentPostprocessing = 0;
		};
/* End PBXHeadersBuildPhase section */

/* Begin PBXNativeTarget section */
		568EF2AB1EC553CE0047A643 /* CRGoodsDetailServiceProtocol */ = {
			isa = PBXNativeTarget;
			buildConfigurationList = 568EF2B41EC553CE0047A643 /* Build configuration list for PBXNativeTarget "CRGoodsDetailServiceProtocol" */;
			buildPhases = (
				568EF2A71EC553CE0047A643 /* Sources */,
				568EF2A81EC553CE0047A643 /* Frameworks */,
				568EF2A91EC553CE0047A643 /* Headers */,
				568EF2AA1EC553CE0047A643 /* Resources */,
			);
			buildRules = (
			);
			dependencies = (
			);
			name = CRGoodsDetailServiceProtocol;
			productName = CRGoodsDetailServiceProtocol;
			productReference = 568EF2AC1EC553CE0047A643 /* CRGoodsDetailServiceProtocol.framework */;
			productType = "com.apple.product-type.framework";
		};
		568EF2BA1EC553E00047A643 /* CRGoodsDetailServiceProtocolDemo */ = {
			isa = PBXNativeTarget;
			buildConfigurationList = 568EF2CF1EC553E00047A643 /* Build configuration list for PBXNativeTarget "CRGoodsDetailServiceProtocolDemo" */;
			buildPhases = (
				568EF2B71EC553E00047A643 /* Sources */,
				568EF2B81EC553E00047A643 /* Frameworks */,
				568EF2B91EC553E00047A643 /* Resources */,
			);
			buildRules = (
			);
			dependencies = (
			);
			name = CRGoodsDetailServiceProtocolDemo;
			productName = CRGoodsDetailServiceProtocolDemo;
			productReference = 568EF2BB1EC553E00047A643 /* CRGoodsDetailServiceProtocolDemo.app */;
			productType = "com.apple.product-type.application";
		};
/* End PBXNativeTarget section */

/* Begin PBXProject section */
		568EF2A31EC553CE0047A643 /* Project object */ = {
			isa = PBXProject;
			attributes = {
				LastUpgradeCheck = 0820;
				ORGANIZATIONNAME = d2c_cyf;
				TargetAttributes = {
					568EF2AB1EC553CE0047A643 = {
						CreatedOnToolsVersion = 8.2.1;
						ProvisioningStyle = Automatic;
					};
					568EF2BA1EC553E00047A643 = {
						CreatedOnToolsVersion = 8.2.1;
						ProvisioningStyle = Automatic;
					};
				};
			};
			buildConfigurationList = 568EF2A61EC553CE0047A643 /* Build configuration list for PBXProject "CRGoodsDetailServiceProtocol" */;
			compatibilityVersion = "Xcode 3.2";
			developmentRegion = English;
			hasScannedForEncodings = 0;
			knownRegions = (
				en,
				Base,
			);
			mainGroup = 568EF2A21EC553CE0047A643;
			productRefGroup = 568EF2AD1EC553CE0047A643 /* Products */;
			projectDirPath = "";
			projectRoot = "";
			targets = (
				568EF2AB1EC553CE0047A643 /* CRGoodsDetailServiceProtocol */,
				568EF2BA1EC553E00047A643 /* CRGoodsDetailServiceProtocolDemo */,
			);
		};
/* End PBXProject section */

/* Begin PBXResourcesBuildPhase section */
		568EF2AA1EC553CE0047A643 /* Resources */ = {
			isa = PBXResourcesBuildPhase;
			buildActionMask = 2147483647;
			files = (
			);
			runOnlyForDeploymentPostprocessing = 0;
		};
		568EF2B91EC553E00047A643 /* Resources */ = {
			isa = PBXResourcesBuildPhase;
			buildActionMask = 2147483647;
			files = (
				568EF2CD1EC553E00047A643 /* LaunchScreen.storyboard in Resources */,
				568EF2CA1EC553E00047A643 /* Assets.xcassets in Resources */,
				568EF2C81EC553E00047A643 /* Main.storyboard in Resources */,
			);
			runOnlyForDeploymentPostprocessing = 0;
		};
/* End PBXResourcesBuildPhase section */

/* Begin PBXSourcesBuildPhase section */
		568EF2A71EC553CE0047A643 /* Sources */ = {
			isa = PBXSourcesBuildPhase;
			buildActionMask = 2147483647;
			files = (
				568EF2D51EC553F60047A643 /* CRAboutGoods.m in Sources */,
			);
			runOnlyForDeploymentPostprocessing = 0;
		};
		568EF2B71EC553E00047A643 /* Sources */ = {
			isa = PBXSourcesBuildPhase;
			buildActionMask = 2147483647;
			files = (
				568EF2C51EC553E00047A643 /* ViewController.m in Sources */,
				568EF2D61EC553F60047A643 /* CRAboutGoods.m in Sources */,
				568EF2C21EC553E00047A643 /* AppDelegate.m in Sources */,
				568EF2BF1EC553E00047A643 /* main.m in Sources */,
			);
			runOnlyForDeploymentPostprocessing = 0;
		};
/* End PBXSourcesBuildPhase section */

/* Begin PBXVariantGroup section */
		568EF2C61EC553E00047A643 /* Main.storyboard */ = {
			isa = PBXVariantGroup;
			children = (
				568EF2C71EC553E00047A643 /* Base */,
			);
			name = Main.storyboard;
			sourceTree = "<group>";
		};
		568EF2CB1EC553E00047A643 /* LaunchScreen.storyboard */ = {
			isa = PBXVariantGroup;
			children = (
				568EF2CC1EC553E00047A643 /* Base */,
			);
			name = LaunchScreen.storyboard;
			sourceTree = "<group>";
		};
/* End PBXVariantGroup section */

/* Begin XCBuildConfiguration section */
		568EF2B21EC553CE0047A643 /* Debug */ = {
			isa = XCBuildConfiguration;
			buildSettings = {
				ALWAYS_SEARCH_USER_PATHS = NO;
				CLANG_ANALYZER_NONNULL = YES;
				CLANG_CXX_LANGUAGE_STANDARD = "gnu++0x";
				CLANG_CXX_LIBRARY = "libc++";
				CLANG_ENABLE_MODULES = YES;
				CLANG_ENABLE_OBJC_ARC = YES;
				CLANG_WARN_BOOL_CONVERSION = YES;
				CLANG_WARN_CONSTANT_CONVERSION = YES;
				CLANG_WARN_DIRECT_OBJC_ISA_USAGE = YES_ERROR;
				CLANG_WARN_DOCUMENTATION_COMMENTS = YES;
				CLANG_WARN_EMPTY_BODY = YES;
				CLANG_WARN_ENUM_CONVERSION = YES;
				CLANG_WARN_INFINITE_RECURSION = YES;
				CLANG_WARN_INT_CONVERSION = YES;
				CLANG_WARN_OBJC_ROOT_CLASS = YES_ERROR;
				CLANG_WARN_SUSPICIOUS_MOVE = YES;
				CLANG_WARN_UNREACHABLE_CODE = YES;
				CLANG_WARN__DUPLICATE_METHOD_MATCH = YES;
				"CODE_SIGN_IDENTITY[sdk=iphoneos*]" = "iPhone Developer";
				COPY_PHASE_STRIP = NO;
				CURRENT_PROJECT_VERSION = 1;
				DEBUG_INFORMATION_FORMAT = dwarf;
				ENABLE_STRICT_OBJC_MSGSEND = YES;
				ENABLE_TESTABILITY = YES;
				GCC_C_LANGUAGE_STANDARD = gnu99;
				GCC_DYNAMIC_NO_PIC = NO;
				GCC_NO_COMMON_BLOCKS = YES;
				GCC_OPTIMIZATION_LEVEL = 0;
				GCC_PREPROCESSOR_DEFINITIONS = (
					"DEBUG=1",
					"$(inherited)",
				);
				GCC_WARN_64_TO_32_BIT_CONVERSION = YES;
				GCC_WARN_ABOUT_RETURN_TYPE = YES_ERROR;
				GCC_WARN_UNDECLARED_SELECTOR = YES;
				GCC_WARN_UNINITIALIZED_AUTOS = YES_AGGRESSIVE;
				GCC_WARN_UNUSED_FUNCTION = YES;
				GCC_WARN_UNUSED_VARIABLE = YES;
				IPHONEOS_DEPLOYMENT_TARGET = 10.2;
				MTL_ENABLE_DEBUG_INFO = YES;
				ONLY_ACTIVE_ARCH = YES;
				SDKROOT = iphoneos;
				TARGETED_DEVICE_FAMILY = "1,2";
				VERSIONING_SYSTEM = "apple-generic";
				VERSION_INFO_PREFIX = "";
			};
			name = Debug;
		};
		568EF2B31EC553CE0047A643 /* Release */ = {
			isa = XCBuildConfiguration;
			buildSettings = {
				ALWAYS_SEARCH_USER_PATHS = NO;
				CLANG_ANALYZER_NONNULL = YES;
				CLANG_CXX_LANGUAGE_STANDARD = "gnu++0x";
				CLANG_CXX_LIBRARY = "libc++";
				CLANG_ENABLE_MODULES = YES;
				CLANG_ENABLE_OBJC_ARC = YES;
				CLANG_WARN_BOOL_CONVERSION = YES;
				CLANG_WARN_CONSTANT_CONVERSION = YES;
				CLANG_WARN_DIRECT_OBJC_ISA_USAGE = YES_ERROR;
				CLANG_WARN_DOCUMENTATION_COMMENTS = YES;
				CLANG_WARN_EMPTY_BODY = YES;
				CLANG_WARN_ENUM_CONVERSION = YES;
				CLANG_WARN_INFINITE_RECURSION = YES;
				CLANG_WARN_INT_CONVERSION = YES;
				CLANG_WARN_OBJC_ROOT_CLASS = YES_ERROR;
				CLANG_WARN_SUSPICIOUS_MOVE = YES;
				CLANG_WARN_UNREACHABLE_CODE = YES;
				CLANG_WARN__DUPLICATE_METHOD_MATCH = YES;
				"CODE_SIGN_IDENTITY[sdk=iphoneos*]" = "iPhone Developer";
				COPY_PHASE_STRIP = NO;
				CURRENT_PROJECT_VERSION = 1;
				DEBUG_INFORMATION_FORMAT = "dwarf-with-dsym";
				ENABLE_NS_ASSERTIONS = NO;
				ENABLE_STRICT_OBJC_MSGSEND = YES;
				GCC_C_LANGUAGE_STANDARD = gnu99;
				GCC_NO_COMMON_BLOCKS = YES;
				GCC_WARN_64_TO_32_BIT_CONVERSION = YES;
				GCC_WARN_ABOUT_RETURN_TYPE = YES_ERROR;
				GCC_WARN_UNDECLARED_SELECTOR = YES;
				GCC_WARN_UNINITIALIZED_AUTOS = YES_AGGRESSIVE;
				GCC_WARN_UNUSED_FUNCTION = YES;
				GCC_WARN_UNUSED_VARIABLE = YES;
				IPHONEOS_DEPLOYMENT_TARGET = 10.2;
				MTL_ENABLE_DEBUG_INFO = NO;
				SDKROOT = iphoneos;
				TARGETED_DEVICE_FAMILY = "1,2";
				VALIDATE_PRODUCT = YES;
				VERSIONING_SYSTEM = "apple-generic";
				VERSION_INFO_PREFIX = "";
			};
			name = Release;
		};
		568EF2B51EC553CE0047A643 /* Debug */ = {
			isa = XCBuildConfiguration;
			buildSettings = {
				CODE_SIGN_IDENTITY = "";
				DEFINES_MODULE = YES;
				DYLIB_COMPATIBILITY_VERSION = 1;
				DYLIB_CURRENT_VERSION = 1;
				DYLIB_INSTALL_NAME_BASE = "@rpath";
				INFOPLIST_FILE = CRGoodsDetailServiceProtocol/Info.plist;
				INSTALL_PATH = "$(LOCAL_LIBRARY_DIR)/Frameworks";
				LD_RUNPATH_SEARCH_PATHS = "$(inherited) @executable_path/Frameworks @loader_path/Frameworks";
				PRODUCT_BUNDLE_IDENTIFIER = com.cyfsoftware163.CRGoodsDetailServiceProtocol;
				PRODUCT_NAME = "$(TARGET_NAME)";
				SKIP_INSTALL = YES;
			};
			name = Debug;
		};
		568EF2B61EC553CE0047A643 /* Release */ = {
			isa = XCBuildConfiguration;
			buildSettings = {
				CODE_SIGN_IDENTITY = "";
				DEFINES_MODULE = YES;
				DYLIB_COMPATIBILITY_VERSION = 1;
				DYLIB_CURRENT_VERSION = 1;
				DYLIB_INSTALL_NAME_BASE = "@rpath";
				INFOPLIST_FILE = CRGoodsDetailServiceProtocol/Info.plist;
				INSTALL_PATH = "$(LOCAL_LIBRARY_DIR)/Frameworks";
				LD_RUNPATH_SEARCH_PATHS = "$(inherited) @executable_path/Frameworks @loader_path/Frameworks";
				PRODUCT_BUNDLE_IDENTIFIER = com.cyfsoftware163.CRGoodsDetailServiceProtocol;
				PRODUCT_NAME = "$(TARGET_NAME)";
				SKIP_INSTALL = YES;
			};
			name = Release;
		};
		568EF2D01EC553E00047A643 /* Debug */ = {
			isa = XCBuildConfiguration;
			buildSettings = {
				ASSETCATALOG_COMPILER_APPICON_NAME = AppIcon;
				INFOPLIST_FILE = CRGoodsDetailServiceProtocolDemo/Info.plist;
				LD_RUNPATH_SEARCH_PATHS = "$(inherited) @executable_path/Frameworks";
				PRODUCT_BUNDLE_IDENTIFIER = com.cyfsoftware163.CRGoodsDetailServiceProtocolDemo;
				PRODUCT_NAME = "$(TARGET_NAME)";
			};
			name = Debug;
		};
		568EF2D11EC553E00047A643 /* Release */ = {
			isa = XCBuildConfiguration;
			buildSettings = {
				ASSETCATALOG_COMPILER_APPICON_NAME = AppIcon;
				INFOPLIST_FILE = CRGoodsDetailServiceProtocolDemo/Info.plist;
				LD_RUNPATH_SEARCH_PATHS = "$(inherited) @executable_path/Frameworks";
				PRODUCT_BUNDLE_IDENTIFIER = com.cyfsoftware163.CRGoodsDetailServiceProtocolDemo;
				PRODUCT_NAME = "$(TARGET_NAME)";
			};
			name = Release;
		};
/* End XCBuildConfiguration section */

/* Begin XCConfigurationList section */
		568EF2A61EC553CE0047A643 /* Build configuration list for PBXProject "CRGoodsDetailServiceProtocol" */ = {
			isa = XCConfigurationList;
			buildConfigurations = (
				568EF2B21EC553CE0047A643 /* Debug */,
				568EF2B31EC553CE0047A643 /* Release */,
			);
			defaultConfigurationIsVisible = 0;
			defaultConfigurationName = Release;
		};
		568EF2B41EC553CE0047A643 /* Build configuration list for PBXNativeTarget "CRGoodsDetailServiceProtocol" */ = {
			isa = XCConfigurationList;
			buildConfigurations = (
				568EF2B51EC553CE0047A643 /* Debug */,
				568EF2B61EC553CE0047A643 /* Release */,
			);
			defaultConfigurationIsVisible = 0;
		};
		568EF2CF1EC553E00047A643 /* Build configuration list for PBXNativeTarget "CRGoodsDetailServiceProtocolDemo" */ = {
			isa = XCConfigurationList;
			buildConfigurations = (
				568EF2D01EC553E00047A643 /* Debug */,
				568EF2D11EC553E00047A643 /* Release */,
			);
			defaultConfigurationIsVisible = 0;
		};
/* End XCConfigurationList section */
	};
	rootObject = 568EF2A31EC553CE0047A643 /* Project object */;
}
